
Microsoft Visual Studio Solution File, Format Version 12.00
# Visual Studio 15
VisualStudioVersion = 15.0.27428.2037
MinimumVisualStudioVersion = 10.0.40219.1
Project("{FAE04EC0-301F-11D3-BF4B-00C04F79EFBC}") = "WebIncidenti", "WebIncidenti\WebIncidenti.csproj", "{8682A3B4-FE75-48F5-ACFC-155D0A041B2C}"
EndProject
Global
	GlobalSection(SolutionConfigurationPlatforms) = preSolution
		Debug|Any CPU = Debug|Any CPU
		Release|Any CPU = Release|Any CPU
	EndGlobalSection
	GlobalSection(ProjectConfigurationPlatforms) = postSolution
		{8682A3B4-FE75-48F5-ACFC-155D0A041B2C}.Debug|Any CPU.ActiveCfg = Debug|Any CPU
		{8682A3B4-FE75-48F5-ACFC-155D0A041B2C}.Debug|Any CPU.Build.0 = Debug|Any CPU
		{8682A3B4-FE75-48F5-ACFC-155D0A041B2C}.Release|Any CPU.ActiveCfg = Release|Any CPU
		{8682A3B4-FE75-48F5-ACFC-155D0A041B2C}.Release|Any CPU.Build.0 = Release|Any CPU
	EndGlobalSection
	GlobalSection(SolutionProperties) = preSolution
		HideSolutionNode = FALSE
	EndGlobalSection
	GlobalSection(ExtensibilityGlobals) = postSolution
		SolutionGuid = {824211EF-1802-4766-B05C-128803470FA9}
	EndGlobalSection
EndGlobal
